
Microsoft Visual Studio Solution File, Format Version 12.00
# Visual Studio Version 17
VisualStudioVersion = 17.6.33815.320
MinimumVisualStudioVersion = 10.0.40219.1
Project("{FAE04EC0-301F-11D3-BF4B-00C04F79EFBC}") = "InpollAdmin", "InpollAdmin.csproj", "{7A3353B2-A396-4B31-AE3F-7A9D99BBA164}"
EndProject
Global
	GlobalSection(SolutionConfigurationPlatforms) = preSolution
		Debug|Any CPU = Debug|Any CPU
		Release|Any CPU = Release|Any CPU
	EndGlobalSection
	GlobalSection(ProjectConfigurationPlatforms) = postSolution
		{7A3353B2-A396-4B31-AE3F-7A9D99BBA164}.Debug|Any CPU.ActiveCfg = Debug|Any CPU
		{7A3353B2-A396-4B31-AE3F-7A9D99BBA164}.Debug|Any CPU.Build.0 = Debug|Any CPU
		{7A3353B2-A396-4B31-AE3F-7A9D99BBA164}.Release|Any CPU.ActiveCfg = Release|Any CPU
		{7A3353B2-A396-4B31-AE3F-7A9D99BBA164}.Release|Any CPU.Build.0 = Release|Any CPU
	EndGlobalSection
	GlobalSection(SolutionProperties) = preSolution
		HideSolutionNode = FALSE
	EndGlobalSection
	GlobalSection(ExtensibilityGlobals) = postSolution
		SolutionGuid = {BE8487C6-FCA4-4664-B506-845069BC3BCC}
	EndGlobalSection
EndGlobal
